
Microsoft Visual Studio Solution File, Format Version 12.00
# Visual Studio Version 17
VisualStudioVersion = 17.6.33829.357
MinimumVisualStudioVersion = 10.0.40219.1
Project("{6EC3EE1D-3C4E-46DD-8F32-0CC8E7565705}") = "NLitecoin", "src\NLitecoin\NLitecoin.fsproj", "{1128287F-0435-4FA9-B4DD-420A9E1FDB23}"
EndProject
Project("{9A19103F-16F7-4668-BE54-9A1E7A4F7556}") = "NLitecoin.Tests", "tests\NLitecoin.Tests\NLitecoin.Tests.csproj", "{F954D3AC-36BC-483E-8DB1-4CC65DF1694D}"
EndProject
Project("{F2A71F9B-5D33-465A-A702-920D77279786}") = "NLitecoin.MimbleWimble.Tests", "tests\NLitecoin.MimbleWimble.Tests\NLitecoin.MimbleWimble.Tests.fsproj", "{6A67D54D-BE2C-449F-88D2-D6739A5F3F89}"
EndProject
Global
	GlobalSection(SolutionConfigurationPlatforms) = preSolution
		Debug|Any CPU = Debug|Any CPU
		Release|Any CPU = Release|Any CPU
	EndGlobalSection
	GlobalSection(ProjectConfigurationPlatforms) = postSolution
		{1128287F-0435-4FA9-B4DD-420A9E1FDB23}.Debug|Any CPU.ActiveCfg = Debug|Any CPU
		{1128287F-0435-4FA9-B4DD-420A9E1FDB23}.Debug|Any CPU.Build.0 = Debug|Any CPU
		{1128287F-0435-4FA9-B4DD-420A9E1FDB23}.Release|Any CPU.ActiveCfg = Release|Any CPU
		{1128287F-0435-4FA9-B4DD-420A9E1FDB23}.Release|Any CPU.Build.0 = Release|Any CPU
		{F954D3AC-36BC-483E-8DB1-4CC65DF1694D}.Debug|Any CPU.ActiveCfg = Debug|Any CPU
		{F954D3AC-36BC-483E-8DB1-4CC65DF1694D}.Debug|Any CPU.Build.0 = Debug|Any CPU
		{F954D3AC-36BC-483E-8DB1-4CC65DF1694D}.Release|Any CPU.ActiveCfg = Release|Any CPU
		{F954D3AC-36BC-483E-8DB1-4CC65DF1694D}.Release|Any CPU.Build.0 = Release|Any CPU
		{6A67D54D-BE2C-449F-88D2-D6739A5F3F89}.Debug|Any CPU.ActiveCfg = Debug|Any CPU
		{6A67D54D-BE2C-449F-88D2-D6739A5F3F89}.Debug|Any CPU.Build.0 = Debug|Any CPU
		{6A67D54D-BE2C-449F-88D2-D6739A5F3F89}.Release|Any CPU.ActiveCfg = Release|Any CPU
		{6A67D54D-BE2C-449F-88D2-D6739A5F3F89}.Release|Any CPU.Build.0 = Release|Any CPU
	EndGlobalSection
	GlobalSection(SolutionProperties) = preSolution
		HideSolutionNode = FALSE
	EndGlobalSection
	GlobalSection(ExtensibilityGlobals) = postSolution
		SolutionGuid = {9DB14569-0C9D-4C72-A383-7FA0DF1162F0}
	EndGlobalSection
EndGlobal
